// !$*UTF8*$!
{
	archiveVersion = 1;
	classes = {
	};
	objectVersion = 56;
	objects = {

/* Begin PBXBuildFile section */
		0685913D2A9AE10000C9FF99 /* libsqlite3.tbd in Frameworks */ = {isa = PBXBuildFile; fileRef = 0685913B2A9AE10000C9FF99 /* libsqlite3.tbd */; };
		0685913E2A9AE10000C9FF99 /* libsqlite3.0.tbd in Frameworks */ = {isa = PBXBuildFile; fileRef = 0685913C2A9AE10000C9FF99 /* libsqlite3.0.tbd */; };
		06B51EA92A9F940E00257396 /* LoginViewController+Routing.swift in Sources */ = {isa = PBXBuildFile; fileRef = 06B51EA82A9F940E00257396 /* LoginViewController+Routing.swift */; };
		06B51EAB2A9F941B00257396 /* LoginViewController+Validation.swift in Sources */ = {isa = PBXBuildFile; fileRef = 06B51EAA2A9F941B00257396 /* LoginViewController+Validation.swift */; };
		06B51EB12A9F94AE00257396 /* CloudDB.swift in Sources */ = {isa = PBXBuildFile; fileRef = 06B51EAD2A9F94AE00257396 /* CloudDB.swift */; };
		06B51EB22A9F94AE00257396 /* SQLTable.swift in Sources */ = {isa = PBXBuildFile; fileRef = 06B51EAE2A9F94AE00257396 /* SQLTable.swift */; };
		06B51EB32A9F94AE00257396 /* SQLiteDB.swift in Sources */ = {isa = PBXBuildFile; fileRef = 06B51EAF2A9F94AE00257396 /* SQLiteDB.swift */; };
		06B51EB42A9F94AE00257396 /* SQLiteBase.swift in Sources */ = {isa = PBXBuildFile; fileRef = 06B51EB02A9F94AE00257396 /* SQLiteBase.swift */; };
		06CF4A2B2A9908C500F78141 /* AppDelegate.swift in Sources */ = {isa = PBXBuildFile; fileRef = 06CF4A2A2A9908C500F78141 /* AppDelegate.swift */; };
		06CF4A2D2A9908C500F78141 /* SceneDelegate.swift in Sources */ = {isa = PBXBuildFile; fileRef = 06CF4A2C2A9908C500F78141 /* SceneDelegate.swift */; };
		06CF4A2F2A9908C500F78141 /* LoginViewController.swift in Sources */ = {isa = PBXBuildFile; fileRef = 06CF4A2E2A9908C500F78141 /* LoginViewController.swift */; };
		06CF4A322A9908C500F78141 /* Main.storyboard in Resources */ = {isa = PBXBuildFile; fileRef = 06CF4A302A9908C500F78141 /* Main.storyboard */; };
		06CF4A342A9908CB00F78141 /* Assets.xcassets in Resources */ = {isa = PBXBuildFile; fileRef = 06CF4A332A9908CB00F78141 /* Assets.xcassets */; };
		06CF4A372A9908CB00F78141 /* LaunchScreen.storyboard in Resources */ = {isa = PBXBuildFile; fileRef = 06CF4A352A9908CB00F78141 /* LaunchScreen.storyboard */; };
		06CF4A422A99117400F78141 /* Login.storyboard in Resources */ = {isa = PBXBuildFile; fileRef = 06CF4A412A99117400F78141 /* Login.storyboard */; };
		06CF4A442A99123900F78141 /* HomeViewController.swift in Sources */ = {isa = PBXBuildFile; fileRef = 06CF4A432A99123900F78141 /* HomeViewController.swift */; };
		06CF4A462A99125600F78141 /* DepositeViewController.swift in Sources */ = {isa = PBXBuildFile; fileRef = 06CF4A452A99125600F78141 /* DepositeViewController.swift */; };
		06CF4A482A99126100F78141 /* WithdrawViewController.swift in Sources */ = {isa = PBXBuildFile; fileRef = 06CF4A472A99126100F78141 /* WithdrawViewController.swift */; };
		06CF4A4A2A99126A00F78141 /* TransferViewController.swift in Sources */ = {isa = PBXBuildFile; fileRef = 06CF4A492A99126A00F78141 /* TransferViewController.swift */; };
		06CF4A4C2A99128C00F78141 /* CreateAccountViewController.swift in Sources */ = {isa = PBXBuildFile; fileRef = 06CF4A4B2A99128C00F78141 /* CreateAccountViewController.swift */; };
		06CF4A4E2A99129500F78141 /* HistoryViewController.swift in Sources */ = {isa = PBXBuildFile; fileRef = 06CF4A4D2A99129500F78141 /* HistoryViewController.swift */; };
/* End PBXBuildFile section */

/* Begin PBXFileReference section */
		0685913B2A9AE10000C9FF99 /* libsqlite3.tbd */ = {isa = PBXFileReference; lastKnownFileType = "sourcecode.text-based-dylib-definition"; name = libsqlite3.tbd; path = usr/lib/libsqlite3.tbd; sourceTree = SDKROOT; };
		0685913C2A9AE10000C9FF99 /* libsqlite3.0.tbd */ = {isa = PBXFileReference; lastKnownFileType = "sourcecode.text-based-dylib-definition"; name = libsqlite3.0.tbd; path = usr/lib/libsqlite3.0.tbd; sourceTree = SDKROOT; };
		06B51EA82A9F940E00257396 /* LoginViewController+Routing.swift */ = {isa = PBXFileReference; lastKnownFileType = sourcecode.swift; path = "LoginViewController+Routing.swift"; sourceTree = "<group>"; };
		06B51EAA2A9F941B00257396 /* LoginViewController+Validation.swift */ = {isa = PBXFileReference; lastKnownFileType = sourcecode.swift; path = "LoginViewController+Validation.swift"; sourceTree = "<group>"; };
		06B51EAC2A9F94AE00257396 /* bridge.h */ = {isa = PBXFileReference; fileEncoding = 4; lastKnownFileType = sourcecode.c.h; path = bridge.h; sourceTree = "<group>"; };
		06B51EAD2A9F94AE00257396 /* CloudDB.swift */ = {isa = PBXFileReference; fileEncoding = 4; lastKnownFileType = sourcecode.swift; path = CloudDB.swift; sourceTree = "<group>"; };
		06B51EAE2A9F94AE00257396 /* SQLTable.swift */ = {isa = PBXFileReference; fileEncoding = 4; lastKnownFileType = sourcecode.swift; path = SQLTable.swift; sourceTree = "<group>"; };
		06B51EAF2A9F94AE00257396 /* SQLiteDB.swift */ = {isa = PBXFileReference; fileEncoding = 4; lastKnownFileType = sourcecode.swift; path = SQLiteDB.swift; sourceTree = "<group>"; };
		06B51EB02A9F94AE00257396 /* SQLiteBase.swift */ = {isa = PBXFileReference; fileEncoding = 4; lastKnownFileType = sourcecode.swift; path = SQLiteBase.swift; sourceTree = "<group>"; };
		06CF4A272A9908C500F78141 /* simplebank.app */ = {isa = PBXFileReference; explicitFileType = wrapper.application; includeInIndex = 0; path = simplebank.app; sourceTree = BUILT_PRODUCTS_DIR; };
		06CF4A2A2A9908C500F78141 /* AppDelegate.swift */ = {isa = PBXFileReference; lastKnownFileType = sourcecode.swift; path = AppDelegate.swift; sourceTree = "<group>"; };
		06CF4A2C2A9908C500F78141 /* SceneDelegate.swift */ = {isa = PBXFileReference; lastKnownFileType = sourcecode.swift; path = SceneDelegate.swift; sourceTree = "<group>"; };
		06CF4A2E2A9908C500F78141 /* LoginViewController.swift */ = {isa = PBXFileReference; lastKnownFileType = sourcecode.swift; path = LoginViewController.swift; sourceTree = "<group>"; };
		06CF4A312A9908C500F78141 /* Base */ = {isa = PBXFileReference; lastKnownFileType = file.storyboard; name = Base; path = Base.lproj/Main.storyboard; sourceTree = "<group>"; };
		06CF4A332A9908CB00F78141 /* Assets.xcassets */ = {isa = PBXFileReference; lastKnownFileType = folder.assetcatalog; path = Assets.xcassets; sourceTree = "<group>"; };
		06CF4A362A9908CB00F78141 /* Base */ = {isa = PBXFileReference; lastKnownFileType = file.storyboard; name = Base; path = Base.lproj/LaunchScreen.storyboard; sourceTree = "<group>"; };
		06CF4A382A9908CB00F78141 /* Info.plist */ = {isa = PBXFileReference; lastKnownFileType = text.plist.xml; path = Info.plist; sourceTree = "<group>"; };
		06CF4A412A99117400F78141 /* Login.storyboard */ = {isa = PBXFileReference; lastKnownFileType = file.storyboard; path = Login.storyboard; sourceTree = "<group>"; };
		06CF4A432A99123900F78141 /* HomeViewController.swift */ = {isa = PBXFileReference; lastKnownFileType = sourcecode.swift; path = HomeViewController.swift; sourceTree = "<group>"; };
		06CF4A452A99125600F78141 /* DepositeViewController.swift */ = {isa = PBXFileReference; lastKnownFileType = sourcecode.swift; path = DepositeViewController.swift; sourceTree = "<group>"; };
		06CF4A472A99126100F78141 /* WithdrawViewController.swift */ = {isa = PBXFileReference; lastKnownFileType = sourcecode.swift; path = WithdrawViewController.swift; sourceTree = "<group>"; };
		06CF4A492A99126A00F78141 /* TransferViewController.swift */ = {isa = PBXFileReference; lastKnownFileType = sourcecode.swift; path = TransferViewController.swift; sourceTree = "<group>"; };
		06CF4A4B2A99128C00F78141 /* CreateAccountViewController.swift */ = {isa = PBXFileReference; lastKnownFileType = sourcecode.swift; path = CreateAccountViewController.swift; sourceTree = "<group>"; };
		06CF4A4D2A99129500F78141 /* HistoryViewController.swift */ = {isa = PBXFileReference; lastKnownFileType = sourcecode.swift; path = HistoryViewController.swift; sourceTree = "<group>"; };
/* End PBXFileReference section */

/* Begin PBXFrameworksBuildPhase section */
		06CF4A242A9908C500F78141 /* Frameworks */ = {
			isa = PBXFrameworksBuildPhase;
			buildActionMask = 2147483647;
			files = (
				0685913D2A9AE10000C9FF99 /* libsqlite3.tbd in Frameworks */,
				0685913E2A9AE10000C9FF99 /* libsqlite3.0.tbd in Frameworks */,
			);
			runOnlyForDeploymentPostprocessing = 0;
		};
/* End PBXFrameworksBuildPhase section */

/* Begin PBXGroup section */
		0685913A2A9AE10000C9FF99 /* Frameworks */ = {
			isa = PBXGroup;
			children = (
				0685913C2A9AE10000C9FF99 /* libsqlite3.0.tbd */,
				0685913B2A9AE10000C9FF99 /* libsqlite3.tbd */,
			);
			name = Frameworks;
			sourceTree = "<group>";
		};
		06B51E9E2A9F92DD00257396 /* Thirdparties */ = {
			isa = PBXGroup;
			children = (
				06B51EAC2A9F94AE00257396 /* bridge.h */,
				06B51EAD2A9F94AE00257396 /* CloudDB.swift */,
				06B51EB02A9F94AE00257396 /* SQLiteBase.swift */,
				06B51EAF2A9F94AE00257396 /* SQLiteDB.swift */,
				06B51EAE2A9F94AE00257396 /* SQLTable.swift */,
			);
			path = Thirdparties;
			sourceTree = "<group>";
		};
		06B51E9F2A9F930300257396 /* Storyboards */ = {
			isa = PBXGroup;
			children = (
				06CF4A302A9908C500F78141 /* Main.storyboard */,
				06CF4A412A99117400F78141 /* Login.storyboard */,
			);
			path = Storyboards;
			sourceTree = "<group>";
		};
		06B51EA02A9F932400257396 /* Auth */ = {
			isa = PBXGroup;
			children = (
				06CF4A2E2A9908C500F78141 /* LoginViewController.swift */,
				06B51EAA2A9F941B00257396 /* LoginViewController+Validation.swift */,
				06B51EA82A9F940E00257396 /* LoginViewController+Routing.swift */,
			);
			path = Auth;
			sourceTree = "<group>";
		};
		06B51EA12A9F933200257396 /* Deposit */ = {
			isa = PBXGroup;
			children = (
				06CF4A452A99125600F78141 /* DepositeViewController.swift */,
			);
			path = Deposit;
			sourceTree = "<group>";
		};
		06B51EA22A9F933E00257396 /* Withdraw */ = {
			isa = PBXGroup;
			children = (
				06CF4A472A99126100F78141 /* WithdrawViewController.swift */,
			);
			path = Withdraw;
			sourceTree = "<group>";
		};
		06B51EA32A9F934E00257396 /* Transfer */ = {
			isa = PBXGroup;
			children = (
				06CF4A492A99126A00F78141 /* TransferViewController.swift */,
			);
			path = Transfer;
			sourceTree = "<group>";
		};
		06B51EA42A9F935C00257396 /* History */ = {
			isa = PBXGroup;
			children = (
				06CF4A4D2A99129500F78141 /* HistoryViewController.swift */,
			);
			path = History;
			sourceTree = "<group>";
		};
		06B51EA52A9F937D00257396 /* Resources */ = {
			isa = PBXGroup;
			children = (
			);
			path = Resources;
			sourceTree = "<group>";
		};
		06B51EA62A9F93B400257396 /* CreateAcc */ = {
			isa = PBXGroup;
			children = (
				06CF4A4B2A99128C00F78141 /* CreateAccountViewController.swift */,
			);
			path = CreateAcc;
			sourceTree = "<group>";
		};
		06B51EA72A9F93BC00257396 /* Home */ = {
			isa = PBXGroup;
			children = (
				06CF4A432A99123900F78141 /* HomeViewController.swift */,
			);
			path = Home;
			sourceTree = "<group>";
		};
		06CF4A1E2A9908C500F78141 = {
			isa = PBXGroup;
			children = (
				06CF4A292A9908C500F78141 /* simplebank */,
				06CF4A282A9908C500F78141 /* Products */,
				0685913A2A9AE10000C9FF99 /* Frameworks */,
			);
			sourceTree = "<group>";
		};
		06CF4A282A9908C500F78141 /* Products */ = {
			isa = PBXGroup;
			children = (
				06CF4A272A9908C500F78141 /* simplebank.app */,
			);
			name = Products;
			sourceTree = "<group>";
		};
		06CF4A292A9908C500F78141 /* simplebank */ = {
			isa = PBXGroup;
			children = (
				06B51EA52A9F937D00257396 /* Resources */,
				06B51E9E2A9F92DD00257396 /* Thirdparties */,
				06CF4A402A99112600F78141 /* Model */,
				06CF4A3E2A99111000F78141 /* Controllers */,
				06B51E9F2A9F930300257396 /* Storyboards */,
				06CF4A2A2A9908C500F78141 /* AppDelegate.swift */,
				06CF4A2C2A9908C500F78141 /* SceneDelegate.swift */,
				06CF4A332A9908CB00F78141 /* Assets.xcassets */,
				06CF4A352A9908CB00F78141 /* LaunchScreen.storyboard */,
				06CF4A382A9908CB00F78141 /* Info.plist */,
			);
			path = simplebank;
			sourceTree = "<group>";
		};
		06CF4A3E2A99111000F78141 /* Controllers */ = {
			isa = PBXGroup;
			children = (
				06B51EA72A9F93BC00257396 /* Home */,
				06B51EA62A9F93B400257396 /* CreateAcc */,
				06B51EA42A9F935C00257396 /* History */,
				06B51EA32A9F934E00257396 /* Transfer */,
				06B51EA22A9F933E00257396 /* Withdraw */,
				06B51EA12A9F933200257396 /* Deposit */,
				06B51EA02A9F932400257396 /* Auth */,
			);
			path = Controllers;
			sourceTree = "<group>";
		};
		06CF4A402A99112600F78141 /* Model */ = {
			isa = PBXGroup;
			children = (
			);
			path = Model;
			sourceTree = "<group>";
		};
/* End PBXGroup section */

/* Begin PBXNativeTarget section */
		06CF4A262A9908C500F78141 /* simplebank */ = {
			isa = PBXNativeTarget;
			buildConfigurationList = 06CF4A3B2A9908CB00F78141 /* Build configuration list for PBXNativeTarget "simplebank" */;
			buildPhases = (
				06CF4A232A9908C500F78141 /* Sources */,
				06CF4A242A9908C500F78141 /* Frameworks */,
				06CF4A252A9908C500F78141 /* Resources */,
			);
			buildRules = (
			);
			dependencies = (
			);
			name = simplebank;
			productName = simplebank;
			productReference = 06CF4A272A9908C500F78141 /* simplebank.app */;
			productType = "com.apple.product-type.application";
		};
/* End PBXNativeTarget section */

/* Begin PBXProject section */
		06CF4A1F2A9908C500F78141 /* Project object */ = {
			isa = PBXProject;
			attributes = {
				BuildIndependentTargetsInParallel = 1;
				LastSwiftUpdateCheck = 1430;
				LastUpgradeCheck = 1430;
				TargetAttributes = {
					06CF4A262A9908C500F78141 = {
						CreatedOnToolsVersion = 14.3.1;
					};
				};
			};
			buildConfigurationList = 06CF4A222A9908C500F78141 /* Build configuration list for PBXProject "simplebank" */;
			compatibilityVersion = "Xcode 14.0";
			developmentRegion = en;
			hasScannedForEncodings = 0;
			knownRegions = (
				en,
				Base,
			);
			mainGroup = 06CF4A1E2A9908C500F78141;
			productRefGroup = 06CF4A282A9908C500F78141 /* Products */;
			projectDirPath = "";
			projectRoot = "";
			targets = (
				06CF4A262A9908C500F78141 /* simplebank */,
			);
		};
/* End PBXProject section */

/* Begin PBXResourcesBuildPhase section */
		06CF4A252A9908C500F78141 /* Resources */ = {
			isa = PBXResourcesBuildPhase;
			buildActionMask = 2147483647;
			files = (
				06CF4A422A99117400F78141 /* Login.storyboard in Resources */,
				06CF4A372A9908CB00F78141 /* LaunchScreen.storyboard in Resources */,
				06CF4A342A9908CB00F78141 /* Assets.xcassets in Resources */,
				06CF4A322A9908C500F78141 /* Main.storyboard in Resources */,
			);
			runOnlyForDeploymentPostprocessing = 0;
		};
/* End PBXResourcesBuildPhase section */

/* Begin PBXSourcesBuildPhase section */
		06CF4A232A9908C500F78141 /* Sources */ = {
			isa = PBXSourcesBuildPhase;
			buildActionMask = 2147483647;
			files = (
				06B51EAB2A9F941B00257396 /* LoginViewController+Validation.swift in Sources */,
				06B51EB42A9F94AE00257396 /* SQLiteBase.swift in Sources */,
				06CF4A462A99125600F78141 /* DepositeViewController.swift in Sources */,
				06CF4A4A2A99126A00F78141 /* TransferViewController.swift in Sources */,
				06CF4A2F2A9908C500F78141 /* LoginViewController.swift in Sources */,
				06B51EA92A9F940E00257396 /* LoginViewController+Routing.swift in Sources */,
				06B51EB12A9F94AE00257396 /* CloudDB.swift in Sources */,
				06CF4A2B2A9908C500F78141 /* AppDelegate.swift in Sources */,
				06CF4A4C2A99128C00F78141 /* CreateAccountViewController.swift in Sources */,
				06CF4A2D2A9908C500F78141 /* SceneDelegate.swift in Sources */,
				06CF4A4E2A99129500F78141 /* HistoryViewController.swift in Sources */,
				06CF4A482A99126100F78141 /* WithdrawViewController.swift in Sources */,
				06CF4A442A99123900F78141 /* HomeViewController.swift in Sources */,
				06B51EB22A9F94AE00257396 /* SQLTable.swift in Sources */,
				06B51EB32A9F94AE00257396 /* SQLiteDB.swift in Sources */,
			);
			runOnlyForDeploymentPostprocessing = 0;
		};
/* End PBXSourcesBuildPhase section */

/* Begin PBXVariantGroup section */
		06CF4A302A9908C500F78141 /* Main.storyboard */ = {
			isa = PBXVariantGroup;
			children = (
				06CF4A312A9908C500F78141 /* Base */,
			);
			name = Main.storyboard;
			sourceTree = "<group>";
		};
		06CF4A352A9908CB00F78141 /* LaunchScreen.storyboard */ = {
			isa = PBXVariantGroup;
			children = (
				06CF4A362A9908CB00F78141 /* Base */,
			);
			name = LaunchScreen.storyboard;
			sourceTree = "<group>";
		};
/* End PBXVariantGroup section */

/* Begin XCBuildConfiguration section */
		06CF4A392A9908CB00F78141 /* Debug */ = {
			isa = XCBuildConfiguration;
			buildSettings = {
				ALWAYS_SEARCH_USER_PATHS = NO;
				CLANG_ANALYZER_NONNULL = YES;
				CLANG_ANALYZER_NUMBER_OBJECT_CONVERSION = YES_AGGRESSIVE;
				CLANG_CXX_LANGUAGE_STANDARD = "gnu++20";
				CLANG_ENABLE_MODULES = YES;
				CLANG_ENABLE_OBJC_ARC = YES;
				CLANG_ENABLE_OBJC_WEAK = YES;
				CLANG_WARN_BLOCK_CAPTURE_AUTORELEASING = YES;
				CLANG_WARN_BOOL_CONVERSION = YES;
				CLANG_WARN_COMMA = YES;
				CLANG_WARN_CONSTANT_CONVERSION = YES;
				CLANG_WARN_DEPRECATED_OBJC_IMPLEMENTATIONS = YES;
				CLANG_WARN_DIRECT_OBJC_ISA_USAGE = YES_ERROR;
				CLANG_WARN_DOCUMENTATION_COMMENTS = YES;
				CLANG_WARN_EMPTY_BODY = YES;
				CLANG_WARN_ENUM_CONVERSION = YES;
				CLANG_WARN_INFINITE_RECURSION = YES;
				CLANG_WARN_INT_CONVERSION = YES;
				CLANG_WARN_NON_LITERAL_NULL_CONVERSION = YES;
				CLANG_WARN_OBJC_IMPLICIT_RETAIN_SELF = YES;
				CLANG_WARN_OBJC_LITERAL_CONVERSION = YES;
				CLANG_WARN_OBJC_ROOT_CLASS = YES_ERROR;
				CLANG_WARN_QUOTED_INCLUDE_IN_FRAMEWORK_HEADER = YES;
				CLANG_WARN_RANGE_LOOP_ANALYSIS = YES;
				CLANG_WARN_STRICT_PROTOTYPES = YES;
				CLANG_WARN_SUSPICIOUS_MOVE = YES;
				CLANG_WARN_UNGUARDED_AVAILABILITY = YES_AGGRESSIVE;
				CLANG_WARN_UNREACHABLE_CODE = YES;
				CLANG_WARN__DUPLICATE_METHOD_MATCH = YES;
				COPY_PHASE_STRIP = NO;
				DEBUG_INFORMATION_FORMAT = dwarf;
				ENABLE_STRICT_OBJC_MSGSEND = YES;
				ENABLE_TESTABILITY = YES;
				GCC_C_LANGUAGE_STANDARD = gnu11;
				GCC_DYNAMIC_NO_PIC = NO;
				GCC_NO_COMMON_BLOCKS = YES;
				GCC_OPTIMIZATION_LEVEL = 0;
				GCC_PREPROCESSOR_DEFINITIONS = (
					"DEBUG=1",
					"$(inherited)",
				);
				GCC_WARN_64_TO_32_BIT_CONVERSION = YES;
				GCC_WARN_ABOUT_RETURN_TYPE = YES_ERROR;
				GCC_WARN_UNDECLARED_SELECTOR = YES;
				GCC_WARN_UNINITIALIZED_AUTOS = YES_AGGRESSIVE;
				GCC_WARN_UNUSED_FUNCTION = YES;
				GCC_WARN_UNUSED_VARIABLE = YES;
				IPHONEOS_DEPLOYMENT_TARGET = 16.4;
				MTL_ENABLE_DEBUG_INFO = INCLUDE_SOURCE;
				MTL_FAST_MATH = YES;
				ONLY_ACTIVE_ARCH = YES;
				SDKROOT = iphoneos;
				SWIFT_ACTIVE_COMPILATION_CONDITIONS = DEBUG;
				SWIFT_OPTIMIZATION_LEVEL = "-Onone";
			};
			name = Debug;
		};
		06CF4A3A2A9908CB00F78141 /* Release */ = {
			isa = XCBuildConfiguration;
			buildSettings = {
				ALWAYS_SEARCH_USER_PATHS = NO;
				CLANG_ANALYZER_NONNULL = YES;
				CLANG_ANALYZER_NUMBER_OBJECT_CONVERSION = YES_AGGRESSIVE;
				CLANG_CXX_LANGUAGE_STANDARD = "gnu++20";
				CLANG_ENABLE_MODULES = YES;
				CLANG_ENABLE_OBJC_ARC = YES;
				CLANG_ENABLE_OBJC_WEAK = YES;
				CLANG_WARN_BLOCK_CAPTURE_AUTORELEASING = YES;
				CLANG_WARN_BOOL_CONVERSION = YES;
				CLANG_WARN_COMMA = YES;
				CLANG_WARN_CONSTANT_CONVERSION = YES;
				CLANG_WARN_DEPRECATED_OBJC_IMPLEMENTATIONS = YES;
				CLANG_WARN_DIRECT_OBJC_ISA_USAGE = YES_ERROR;
				CLANG_WARN_DOCUMENTATION_COMMENTS = YES;
				CLANG_WARN_EMPTY_BODY = YES;
				CLANG_WARN_ENUM_CONVERSION = YES;
				CLANG_WARN_INFINITE_RECURSION = YES;
				CLANG_WARN_INT_CONVERSION = YES;
				CLANG_WARN_NON_LITERAL_NULL_CONVERSION = YES;
				CLANG_WARN_OBJC_IMPLICIT_RETAIN_SELF = YES;
				CLANG_WARN_OBJC_LITERAL_CONVERSION = YES;
				CLANG_WARN_OBJC_ROOT_CLASS = YES_ERROR;
				CLANG_WARN_QUOTED_INCLUDE_IN_FRAMEWORK_HEADER = YES;
				CLANG_WARN_RANGE_LOOP_ANALYSIS = YES;
				CLANG_WARN_STRICT_PROTOTYPES = YES;
				CLANG_WARN_SUSPICIOUS_MOVE = YES;
				CLANG_WARN_UNGUARDED_AVAILABILITY = YES_AGGRESSIVE;
				CLANG_WARN_UNREACHABLE_CODE = YES;
				CLANG_WARN__DUPLICATE_METHOD_MATCH = YES;
				COPY_PHASE_STRIP = NO;
				DEBUG_INFORMATION_FORMAT = "dwarf-with-dsym";
				ENABLE_NS_ASSERTIONS = NO;
				ENABLE_STRICT_OBJC_MSGSEND = YES;
				GCC_C_LANGUAGE_STANDARD = gnu11;
				GCC_NO_COMMON_BLOCKS = YES;
				GCC_WARN_64_TO_32_BIT_CONVERSION = YES;
				GCC_WARN_ABOUT_RETURN_TYPE = YES_ERROR;
				GCC_WARN_UNDECLARED_SELECTOR = YES;
				GCC_WARN_UNINITIALIZED_AUTOS = YES_AGGRESSIVE;
				GCC_WARN_UNUSED_FUNCTION = YES;
				GCC_WARN_UNUSED_VARIABLE = YES;
				IPHONEOS_DEPLOYMENT_TARGET = 16.4;
				MTL_ENABLE_DEBUG_INFO = NO;
				MTL_FAST_MATH = YES;
				SDKROOT = iphoneos;
				SWIFT_COMPILATION_MODE = wholemodule;
				SWIFT_OPTIMIZATION_LEVEL = "-O";
				VALIDATE_PRODUCT = YES;
			};
			name = Release;
		};
		06CF4A3C2A9908CB00F78141 /* Debug */ = {
			isa = XCBuildConfiguration;
			buildSettings = {
				ASSETCATALOG_COMPILER_APPICON_NAME = AppIcon;
				ASSETCATALOG_COMPILER_GLOBAL_ACCENT_COLOR_NAME = AccentColor;
				CODE_SIGN_STYLE = Automatic;
				CURRENT_PROJECT_VERSION = 1;
				GENERATE_INFOPLIST_FILE = YES;
				INFOPLIST_FILE = simplebank/Info.plist;
				INFOPLIST_KEY_UIApplicationSupportsIndirectInputEvents = YES;
				INFOPLIST_KEY_UILaunchStoryboardName = LaunchScreen;
				INFOPLIST_KEY_UIMainStoryboardFile = Main;
				INFOPLIST_KEY_UISupportedInterfaceOrientations_iPad = "UIInterfaceOrientationPortrait UIInterfaceOrientationPortraitUpsideDown UIInterfaceOrientationLandscapeLeft UIInterfaceOrientationLandscapeRight";
				INFOPLIST_KEY_UISupportedInterfaceOrientations_iPhone = "UIInterfaceOrientationPortrait UIInterfaceOrientationLandscapeLeft UIInterfaceOrientationLandscapeRight";
				LD_RUNPATH_SEARCH_PATHS = (
					"$(inherited)",
					"@executable_path/Frameworks",
				);
				MARKETING_VERSION = 1.0;
				PRODUCT_BUNDLE_IDENTIFIER = com.tps.simplebank;
				PRODUCT_NAME = "$(TARGET_NAME)";
				SWIFT_EMIT_LOC_STRINGS = YES;
				SWIFT_OBJC_BRIDGING_HEADER = simplebank/Thirdparties/bridge.h;
				SWIFT_VERSION = 5.0;
				TARGETED_DEVICE_FAMILY = "1,2";
			};
			name = Debug;
		};
		06CF4A3D2A9908CB00F78141 /* Release */ = {
			isa = XCBuildConfiguration;
			buildSettings = {
				ASSETCATALOG_COMPILER_APPICON_NAME = AppIcon;
				ASSETCATALOG_COMPILER_GLOBAL_ACCENT_COLOR_NAME = AccentColor;
				CODE_SIGN_STYLE = Automatic;
				CURRENT_PROJECT_VERSION = 1;
				GENERATE_INFOPLIST_FILE = YES;
				INFOPLIST_FILE = simplebank/Info.plist;
				INFOPLIST_KEY_UIApplicationSupportsIndirectInputEvents = YES;
				INFOPLIST_KEY_UILaunchStoryboardName = LaunchScreen;
				INFOPLIST_KEY_UIMainStoryboardFile = Main;
				INFOPLIST_KEY_UISupportedInterfaceOrientations_iPad = "UIInterfaceOrientationPortrait UIInterfaceOrientationPortraitUpsideDown UIInterfaceOrientationLandscapeLeft UIInterfaceOrientationLandscapeRight";
				INFOPLIST_KEY_UISupportedInterfaceOrientations_iPhone = "UIInterfaceOrientationPortrait UIInterfaceOrientationLandscapeLeft UIInterfaceOrientationLandscapeRight";
				LD_RUNPATH_SEARCH_PATHS = (
					"$(inherited)",
					"@executable_path/Frameworks",
				);
				MARKETING_VERSION = 1.0;
				PRODUCT_BUNDLE_IDENTIFIER = com.tps.simplebank;
				PRODUCT_NAME = "$(TARGET_NAME)";
				SWIFT_EMIT_LOC_STRINGS = YES;
				SWIFT_OBJC_BRIDGING_HEADER = simplebank/Thirdparties/bridge.h;
				SWIFT_VERSION = 5.0;
				TARGETED_DEVICE_FAMILY = "1,2";
			};
			name = Release;
		};
/* End XCBuildConfiguration section */

/* Begin XCConfigurationList section */
		06CF4A222A9908C500F78141 /* Build configuration list for PBXProject "simplebank" */ = {
			isa = XCConfigurationList;
			buildConfigurations = (
				06CF4A392A9908CB00F78141 /* Debug */,
				06CF4A3A2A9908CB00F78141 /* Release */,
			);
			defaultConfigurationIsVisible = 0;
			defaultConfigurationName = Release;
		};
		06CF4A3B2A9908CB00F78141 /* Build configuration list for PBXNativeTarget "simplebank" */ = {
			isa = XCConfigurationList;
			buildConfigurations = (
				06CF4A3C2A9908CB00F78141 /* Debug */,
				06CF4A3D2A9908CB00F78141 /* Release */,
			);
			defaultConfigurationIsVisible = 0;
			defaultConfigurationName = Release;
		};
/* End XCConfigurationList section */
	};
	rootObject = 06CF4A1F2A9908C500F78141 /* Project object */;
}
